// !$*UTF8*$!
{
	archiveVersion = 1;
	classes = {
	};
	objectVersion = 46;
	objects = {

/* Begin PBXBuildFile section */
		7792DD6A179A5CC000FB5991 /* description_bg_top.png in Resources */ = {isa = PBXBuildFile; fileRef = 7792DD68179A5CC000FB5991 /* description_bg_top.png */; };
		7792DD6B179A5CC000FB5991 /* description_bg_top@2x.png in Resources */ = {isa = PBXBuildFile; fileRef = 7792DD69179A5CC000FB5991 /* description_bg_top@2x.png */; };
		7792DD6E179A647A00FB5991 /* description_bg_bottom.png in Resources */ = {isa = PBXBuildFile; fileRef = 7792DD6C179A647A00FB5991 /* description_bg_bottom.png */; };
		7792DD6F179A647A00FB5991 /* description_bg_bottom@2x.png in Resources */ = {isa = PBXBuildFile; fileRef = 7792DD6D179A647A00FB5991 /* description_bg_bottom@2x.png */; };
		7792DD73179A67E000FB5991 /* UIColor+Hex.m in Sources */ = {isa = PBXBuildFile; fileRef = 7792DD72179A67E000FB5991 /* UIColor+Hex.m */; };
		7792DD77179AA4B100FB5991 /* NotificationCell.m in Sources */ = {isa = PBXBuildFile; fileRef = 7792DD76179AA4B100FB5991 /* NotificationCell.m */; };
		7792DD7C179AD24700FB5991 /* email.png in Resources */ = {isa = PBXBuildFile; fileRef = 7792DD78179AD24700FB5991 /* email.png */; };
		7792DD7D179AD24700FB5991 /* email@2x.png in Resources */ = {isa = PBXBuildFile; fileRef = 7792DD79179AD24700FB5991 /* email@2x.png */; };
		7792DD7E179AD24700FB5991 /* location-pointer.png in Resources */ = {isa = PBXBuildFile; fileRef = 7792DD7A179AD24700FB5991 /* location-pointer.png */; };
		7792DD7F179AD24700FB5991 /* location-pointer@2x.png in Resources */ = {isa = PBXBuildFile; fileRef = 7792DD7B179AD24700FB5991 /* location-pointer@2x.png */; };
		7792DD82179B966500FB5991 /* message_bg.png in Resources */ = {isa = PBXBuildFile; fileRef = 7792DD80179B966500FB5991 /* message_bg.png */; };
		7792DD83179B966500FB5991 /* message_bg@2x.png in Resources */ = {isa = PBXBuildFile; fileRef = 7792DD81179B966500FB5991 /* message_bg@2x.png */; };
		7792DD86179BD5D200FB5991 /* new.png in Resources */ = {isa = PBXBuildFile; fileRef = 7792DD84179BD5D200FB5991 /* new.png */; };
		7792DD87179BD5D200FB5991 /* new@2x.png in Resources */ = {isa = PBXBuildFile; fileRef = 7792DD85179BD5D200FB5991 /* new@2x.png */; };
		7792DD8B179BDC1900FB5991 /* NotificationManager.m in Sources */ = {isa = PBXBuildFile; fileRef = 7792DD8A179BDC1900FB5991 /* NotificationManager.m */; };
		7792DD8E179C2C5A00FB5991 /* NSString+Validation.m in Sources */ = {isa = PBXBuildFile; fileRef = 7792DD8D179C2C5A00FB5991 /* NSString+Validation.m */; };
		7792DD95179C35FF00FB5991 /* libAdapterNend.a in Frameworks */ = {isa = PBXBuildFile; fileRef = 7792DD91179C35FF00FB5991 /* libAdapterNend.a */; };
		7792DD96179C35FF00FB5991 /* libNendAd.a in Frameworks */ = {isa = PBXBuildFile; fileRef = 7792DD92179C35FF00FB5991 /* libNendAd.a */; };
		7792DD97179C35FF00FB5991 /* NADView_readme.txt in Resources */ = {isa = PBXBuildFile; fileRef = 7792DD94179C35FF00FB5991 /* NADView_readme.txt */; };
		7792DD99179C362000FB5991 /* AdSupport.framework in Frameworks */ = {isa = PBXBuildFile; fileRef = 7792DD98179C362000FB5991 /* AdSupport.framework */; settings = {ATTRIBUTES = (Weak, ); }; };
		7792DD9C179D555600FB5991 /* InfoPlistProperty.m in Sources */ = {isa = PBXBuildFile; fileRef = 7792DD9B179D555600FB5991 /* InfoPlistProperty.m */; };
		7792DDA2179D7A2400FB5991 /* FBEncryptorAES.m in Sources */ = {isa = PBXBuildFile; fileRef = 7792DD9F179D7A2400FB5991 /* FBEncryptorAES.m */; settings = {COMPILER_FLAGS = "-fno-objc-arc"; }; };
		7792DDA3179D7A2400FB5991 /* NSData+Base64.m in Sources */ = {isa = PBXBuildFile; fileRef = 7792DDA1179D7A2400FB5991 /* NSData+Base64.m */; settings = {COMPILER_FLAGS = "-fno-objc-arc"; }; };
		779684141789C6B700010AD7 /* NSAlert+MKNetworkKitAdditions.m in Sources */ = {isa = PBXBuildFile; fileRef = 779683FB1789C6B700010AD7 /* NSAlert+MKNetworkKitAdditions.m */; };
		779684151789C6B700010AD7 /* NSData+MKBase64.m in Sources */ = {isa = PBXBuildFile; fileRef = 779683FD1789C6B700010AD7 /* NSData+MKBase64.m */; };
		779684161789C6B700010AD7 /* NSDate+RFC1123.m in Sources */ = {isa = PBXBuildFile; fileRef = 779683FF1789C6B700010AD7 /* NSDate+RFC1123.m */; };
		779684171789C6B700010AD7 /* NSDictionary+RequestEncoding.m in Sources */ = {isa = PBXBuildFile; fileRef = 779684011789C6B700010AD7 /* NSDictionary+RequestEncoding.m */; };
		779684181789C6B700010AD7 /* NSString+MKNetworkKitAdditions.m in Sources */ = {isa = PBXBuildFile; fileRef = 779684031789C6B700010AD7 /* NSString+MKNetworkKitAdditions.m */; };
		779684191789C6B700010AD7 /* UIAlertView+MKNetworkKitAdditions.m in Sources */ = {isa = PBXBuildFile; fileRef = 779684051789C6B700010AD7 /* UIAlertView+MKNetworkKitAdditions.m */; };
		7796841A1789C6B700010AD7 /* UIImageView+MKNetworkKitAdditions.m in Sources */ = {isa = PBXBuildFile; fileRef = 779684071789C6B700010AD7 /* UIImageView+MKNetworkKitAdditions.m */; };
		7796841B1789C6B700010AD7 /* MKNetworkEngine.m in Sources */ = {isa = PBXBuildFile; fileRef = 779684091789C6B700010AD7 /* MKNetworkEngine.m */; };
		7796841C1789C6B700010AD7 /* MKNetworkOperation.m in Sources */ = {isa = PBXBuildFile; fileRef = 7796840C1789C6B700010AD7 /* MKNetworkOperation.m */; };
		7796841D1789C6B700010AD7 /* Reachability.m in Sources */ = {isa = PBXBuildFile; fileRef = 7796840F1789C6B700010AD7 /* Reachability.m */; };
		7796841E1789C6B700010AD7 /* SVProgressHUD.bundle in Resources */ = {isa = PBXBuildFile; fileRef = 779684111789C6B700010AD7 /* SVProgressHUD.bundle */; };
		7796841F1789C6B700010AD7 /* SVProgressHUD.m in Sources */ = {isa = PBXBuildFile; fileRef = 779684131789C6B700010AD7 /* SVProgressHUD.m */; };
		779684221789C72500010AD7 /* ImadocoNetworkEngine.m in Sources */ = {isa = PBXBuildFile; fileRef = 779684211789C72500010AD7 /* ImadocoNetworkEngine.m */; };
		779684241789CC2600010AD7 /* CFNetwork.framework in Frameworks */ = {isa = PBXBuildFile; fileRef = 779684231789CC2600010AD7 /* CFNetwork.framework */; };
		779684261789CC3A00010AD7 /* SystemConfiguration.framework in Frameworks */ = {isa = PBXBuildFile; fileRef = 779684251789CC3A00010AD7 /* SystemConfiguration.framework */; };
		779684281789CC4500010AD7 /* Security.framework in Frameworks */ = {isa = PBXBuildFile; fileRef = 779684271789CC4500010AD7 /* Security.framework */; };
		7796842A1789CD1700010AD7 /* QuartzCore.framework in Frameworks */ = {isa = PBXBuildFile; fileRef = 779684291789CD1700010AD7 /* QuartzCore.framework */; };
		7796842E178C43A400010AD7 /* HistoryViewController.m in Sources */ = {isa = PBXBuildFile; fileRef = 7796842C178C43A400010AD7 /* HistoryViewController.m */; };
		7796842F178C43A400010AD7 /* HistoryViewController.xib in Resources */ = {isa = PBXBuildFile; fileRef = 7796842D178C43A400010AD7 /* HistoryViewController.xib */; };
		77968438178C4A9B00010AD7 /* TopViewController.m in Sources */ = {isa = PBXBuildFile; fileRef = 77968436178C4A9B00010AD7 /* TopViewController.m */; };
		77968439178C4A9B00010AD7 /* TopViewController.xib in Resources */ = {isa = PBXBuildFile; fileRef = 77968437178C4A9B00010AD7 /* TopViewController.xib */; };
		7796843D1790AC5400010AD7 /* MapViewController.m in Sources */ = {isa = PBXBuildFile; fileRef = 7796843B1790AC5300010AD7 /* MapViewController.m */; };
		7796843E1790AC5400010AD7 /* MapViewController.xib in Resources */ = {isa = PBXBuildFile; fileRef = 7796843C1790AC5400010AD7 /* MapViewController.xib */; };
		779684401790B29500010AD7 /* MapKit.framework in Frameworks */ = {isa = PBXBuildFile; fileRef = 7796843F1790B29500010AD7 /* MapKit.framework */; };
		779684431790EA7400010AD7 /* Notification.m in Sources */ = {isa = PBXBuildFile; fileRef = 779684421790EA7400010AD7 /* Notification.m */; };
		779B83541787C933002DB143 /* UIKit.framework in Frameworks */ = {isa = PBXBuildFile; fileRef = 779B83531787C933002DB143 /* UIKit.framework */; };
		779B83561787C933002DB143 /* Foundation.framework in Frameworks */ = {isa = PBXBuildFile; fileRef = 779B83551787C933002DB143 /* Foundation.framework */; };
		779B83581787C933002DB143 /* CoreGraphics.framework in Frameworks */ = {isa = PBXBuildFile; fileRef = 779B83571787C933002DB143 /* CoreGraphics.framework */; };
		779B835E1787C933002DB143 /* InfoPlist.strings in Resources */ = {isa = PBXBuildFile; fileRef = 779B835C1787C933002DB143 /* InfoPlist.strings */; };
		779B83601787C933002DB143 /* main.m in Sources */ = {isa = PBXBuildFile; fileRef = 779B835F1787C933002DB143 /* main.m */; };
		779B83641787C933002DB143 /* AppDelegate.m in Sources */ = {isa = PBXBuildFile; fileRef = 779B83631787C933002DB143 /* AppDelegate.m */; };
		779B83661787C933002DB143 /* Default.png in Resources */ = {isa = PBXBuildFile; fileRef = 779B83651787C933002DB143 /* Default.png */; };
		779B83681787C933002DB143 /* Default@2x.png in Resources */ = {isa = PBXBuildFile; fileRef = 779B83671787C933002DB143 /* Default@2x.png */; };
		779B836A1787C933002DB143 /* Default-568h@2x.png in Resources */ = {isa = PBXBuildFile; fileRef = 779B83691787C933002DB143 /* Default-568h@2x.png */; };
		779B83781787C933002DB143 /* SenTestingKit.framework in Frameworks */ = {isa = PBXBuildFile; fileRef = 779B83771787C933002DB143 /* SenTestingKit.framework */; };
		779B83791787C933002DB143 /* UIKit.framework in Frameworks */ = {isa = PBXBuildFile; fileRef = 779B83531787C933002DB143 /* UIKit.framework */; };
		779B837A1787C933002DB143 /* Foundation.framework in Frameworks */ = {isa = PBXBuildFile; fileRef = 779B83551787C933002DB143 /* Foundation.framework */; };
		779B83821787C934002DB143 /* InfoPlist.strings in Resources */ = {isa = PBXBuildFile; fileRef = 779B83801787C934002DB143 /* InfoPlist.strings */; };
		779B83851787C934002DB143 /* imadocoTests.m in Sources */ = {isa = PBXBuildFile; fileRef = 779B83841787C934002DB143 /* imadocoTests.m */; };
		77FE2D391791008E006CFED6 /* icon.png in Resources */ = {isa = PBXBuildFile; fileRef = 77FE2D381791008E006CFED6 /* icon.png */; };
		77FE2D3B17910091006CFED6 /* icon@2x.png in Resources */ = {isa = PBXBuildFile; fileRef = 77FE2D3A17910091006CFED6 /* icon@2x.png */; };
		77FE2D4A17943899006CFED6 /* EGORefreshTableHeaderView.m in Sources */ = {isa = PBXBuildFile; fileRef = 77FE2D4017943899006CFED6 /* EGORefreshTableHeaderView.m */; settings = {COMPILER_FLAGS = "-fno-objc-arc"; }; };
		77FE2D4B17943899006CFED6 /* blackArrow.png in Resources */ = {isa = PBXBuildFile; fileRef = 77FE2D4217943899006CFED6 /* blackArrow.png */; };
		77FE2D4C17943899006CFED6 /* blackArrow@2x.png in Resources */ = {isa = PBXBuildFile; fileRef = 77FE2D4317943899006CFED6 /* blackArrow@2x.png */; };
		77FE2D4D17943899006CFED6 /* blueArrow.png in Resources */ = {isa = PBXBuildFile; fileRef = 77FE2D4417943899006CFED6 /* blueArrow.png */; };
		77FE2D4E17943899006CFED6 /* blueArrow@2x.png in Resources */ = {isa = PBXBuildFile; fileRef = 77FE2D4517943899006CFED6 /* blueArrow@2x.png */; };
		77FE2D4F17943899006CFED6 /* grayArrow.png in Resources */ = {isa = PBXBuildFile; fileRef = 77FE2D4617943899006CFED6 /* grayArrow.png */; };
		77FE2D5017943899006CFED6 /* grayArrow@2x.png in Resources */ = {isa = PBXBuildFile; fileRef = 77FE2D4717943899006CFED6 /* grayArrow@2x.png */; };
		77FE2D5117943899006CFED6 /* whiteArrow.png in Resources */ = {isa = PBXBuildFile; fileRef = 77FE2D4817943899006CFED6 /* whiteArrow.png */; };
		77FE2D5217943899006CFED6 /* whiteArrow@2x.png in Resources */ = {isa = PBXBuildFile; fileRef = 77FE2D4917943899006CFED6 /* whiteArrow@2x.png */; };
		77FE2D8B179A501E006CFED6 /* FUIAlertView.m in Sources */ = {isa = PBXBuildFile; fileRef = 77FE2D5D179A501E006CFED6 /* FUIAlertView.m */; };
		77FE2D8C179A501E006CFED6 /* FUIButton.m in Sources */ = {isa = PBXBuildFile; fileRef = 77FE2D5F179A501E006CFED6 /* FUIButton.m */; };
		77FE2D8D179A501E006CFED6 /* FUICellBackgroundView.m in Sources */ = {isa = PBXBuildFile; fileRef = 77FE2D61179A501E006CFED6 /* FUICellBackgroundView.m */; };
		77FE2D8E179A501E006CFED6 /* FUIPopoverBackgroundView.m in Sources */ = {isa = PBXBuildFile; fileRef = 77FE2D63179A501E006CFED6 /* FUIPopoverBackgroundView.m */; };
		77FE2D8F179A501E006CFED6 /* FUISegmentedControl.m in Sources */ = {isa = PBXBuildFile; fileRef = 77FE2D65179A501E006CFED6 /* FUISegmentedControl.m */; };
		77FE2D90179A501E006CFED6 /* FUISwitch.m in Sources */ = {isa = PBXBuildFile; fileRef = 77FE2D67179A501E006CFED6 /* FUISwitch.m */; };
		77FE2D91179A501E006CFED6 /* UIBarButtonItem+FlatUI.m in Sources */ = {isa = PBXBuildFile; fileRef = 77FE2D69179A501E006CFED6 /* UIBarButtonItem+FlatUI.m */; };
		77FE2D92179A501E006CFED6 /* UIColor+FlatUI.m in Sources */ = {isa = PBXBuildFile; fileRef = 77FE2D6B179A501E006CFED6 /* UIColor+FlatUI.m */; };
		77FE2D93179A501E006CFED6 /* UIFont+FlatUI.m in Sources */ = {isa = PBXBuildFile; fileRef = 77FE2D6D179A501E006CFED6 /* UIFont+FlatUI.m */; };
		77FE2D94179A501E006CFED6 /* UIImage+FlatUI.m in Sources */ = {isa = PBXBuildFile; fileRef = 77FE2D6F179A501E006CFED6 /* UIImage+FlatUI.m */; };
		77FE2D95179A501E006CFED6 /* UINavigationBar+FlatUI.m in Sources */ = {isa = PBXBuildFile; fileRef = 77FE2D71179A501E006CFED6 /* UINavigationBar+FlatUI.m */; };
		77FE2D96179A501E006CFED6 /* UIPopoverController+FlatUI.m in Sources */ = {isa = PBXBuildFile; fileRef = 77FE2D73179A501E006CFED6 /* UIPopoverController+FlatUI.m */; };
		77FE2D97179A501E006CFED6 /* UIProgressView+FlatUI.m in Sources */ = {isa = PBXBuildFile; fileRef = 77FE2D75179A501E006CFED6 /* UIProgressView+FlatUI.m */; };
		77FE2D98179A501E006CFED6 /* UISlider+FlatUI.m in Sources */ = {isa = PBXBuildFile; fileRef = 77FE2D77179A501E006CFED6 /* UISlider+FlatUI.m */; };
		77FE2D99179A501E006CFED6 /* UIStepper+FlatUI.m in Sources */ = {isa = PBXBuildFile; fileRef = 77FE2D79179A501E006CFED6 /* UIStepper+FlatUI.m */; };
		77FE2D9A179A501E006CFED6 /* UITabBar+FlatUI.m in Sources */ = {isa = PBXBuildFile; fileRef = 77FE2D7B179A501E006CFED6 /* UITabBar+FlatUI.m */; };
		77FE2D9B179A501E006CFED6 /* UITableViewCell+FlatUI.m in Sources */ = {isa = PBXBuildFile; fileRef = 77FE2D7D179A501E006CFED6 /* UITableViewCell+FlatUI.m */; };
		77FE2D9C179A501E006CFED6 /* UIToolbar+FlatUI.m in Sources */ = {isa = PBXBuildFile; fileRef = 77FE2D7F179A501E006CFED6 /* UIToolbar+FlatUI.m */; };
		77FE2D9D179A501E006CFED6 /* Lato-Black.ttf in Resources */ = {isa = PBXBuildFile; fileRef = 77FE2D81179A501E006CFED6 /* Lato-Black.ttf */; };
		77FE2D9E179A501E006CFED6 /* Lato-BlackItalic.ttf in Resources */ = {isa = PBXBuildFile; fileRef = 77FE2D82179A501E006CFED6 /* Lato-BlackItalic.ttf */; };
		77FE2D9F179A501E006CFED6 /* Lato-Bold.ttf in Resources */ = {isa = PBXBuildFile; fileRef = 77FE2D83179A501E006CFED6 /* Lato-Bold.ttf */; };
		77FE2DA0179A501E006CFED6 /* Lato-BoldItalic.ttf in Resources */ = {isa = PBXBuildFile; fileRef = 77FE2D84179A501E006CFED6 /* Lato-BoldItalic.ttf */; };
		77FE2DA1179A501E006CFED6 /* Lato-Hairline.ttf in Resources */ = {isa = PBXBuildFile; fileRef = 77FE2D85179A501E006CFED6 /* Lato-Hairline.ttf */; };
		77FE2DA2179A501E006CFED6 /* Lato-HairlineItalic.ttf in Resources */ = {isa = PBXBuildFile; fileRef = 77FE2D86179A501E006CFED6 /* Lato-HairlineItalic.ttf */; };
		77FE2DA3179A501E006CFED6 /* Lato-Italic.ttf in Resources */ = {isa = PBXBuildFile; fileRef = 77FE2D87179A501E006CFED6 /* Lato-Italic.ttf */; };
		77FE2DA4179A501E006CFED6 /* Lato-Light.ttf in Resources */ = {isa = PBXBuildFile; fileRef = 77FE2D88179A501E006CFED6 /* Lato-Light.ttf */; };
		77FE2DA5179A501E006CFED6 /* Lato-LightItalic.ttf in Resources */ = {isa = PBXBuildFile; fileRef = 77FE2D89179A501E006CFED6 /* Lato-LightItalic.ttf */; };
		77FE2DA6179A501E006CFED6 /* Lato-Regular.ttf in Resources */ = {isa = PBXBuildFile; fileRef = 77FE2D8A179A501E006CFED6 /* Lato-Regular.ttf */; };
		77FE2DA8179A5130006CFED6 /* CoreText.framework in Frameworks */ = {isa = PBXBuildFile; fileRef = 77FE2DA7179A5130006CFED6 /* CoreText.framework */; };
/* End PBXBuildFile section */

/* Begin PBXContainerItemProxy section */
		779B837B1787C934002DB143 /* PBXContainerItemProxy */ = {
			isa = PBXContainerItemProxy;
			containerPortal = 779B83481787C933002DB143 /* Project object */;
			proxyType = 1;
			remoteGlobalIDString = 779B834F1787C933002DB143;
			remoteInfo = imadoco;
		};
/* End PBXContainerItemProxy section */

/* Begin PBXFileReference section */
		7792DD68179A5CC000FB5991 /* description_bg_top.png */ = {isa = PBXFileReference; lastKnownFileType = image.png; path = description_bg_top.png; sourceTree = "<group>"; };
		7792DD69179A5CC000FB5991 /* description_bg_top@2x.png */ = {isa = PBXFileReference; lastKnownFileType = image.png; path = "description_bg_top@2x.png"; sourceTree = "<group>"; };
		7792DD6C179A647A00FB5991 /* description_bg_bottom.png */ = {isa = PBXFileReference; lastKnownFileType = image.png; path = description_bg_bottom.png; sourceTree = "<group>"; };
		7792DD6D179A647A00FB5991 /* description_bg_bottom@2x.png */ = {isa = PBXFileReference; lastKnownFileType = image.png; path = "description_bg_bottom@2x.png"; sourceTree = "<group>"; };
		7792DD71179A67E000FB5991 /* UIColor+Hex.h */ = {isa = PBXFileReference; fileEncoding = 4; lastKnownFileType = sourcecode.c.h; path = "UIColor+Hex.h"; sourceTree = "<group>"; };
		7792DD72179A67E000FB5991 /* UIColor+Hex.m */ = {isa = PBXFileReference; fileEncoding = 4; lastKnownFileType = sourcecode.c.objc; path = "UIColor+Hex.m"; sourceTree = "<group>"; };
		7792DD75179AA4B100FB5991 /* NotificationCell.h */ = {isa = PBXFileReference; fileEncoding = 4; lastKnownFileType = sourcecode.c.h; path = NotificationCell.h; sourceTree = "<group>"; };
		7792DD76179AA4B100FB5991 /* NotificationCell.m */ = {isa = PBXFileReference; fileEncoding = 4; lastKnownFileType = sourcecode.c.objc; path = NotificationCell.m; sourceTree = "<group>"; };
		7792DD78179AD24700FB5991 /* email.png */ = {isa = PBXFileReference; lastKnownFileType = image.png; path = email.png; sourceTree = "<group>"; };
		7792DD79179AD24700FB5991 /* email@2x.png */ = {isa = PBXFileReference; lastKnownFileType = image.png; path = "email@2x.png"; sourceTree = "<group>"; };
		7792DD7A179AD24700FB5991 /* location-pointer.png */ = {isa = PBXFileReference; lastKnownFileType = image.png; path = "location-pointer.png"; sourceTree = "<group>"; };
		7792DD7B179AD24700FB5991 /* location-pointer@2x.png */ = {isa = PBXFileReference; lastKnownFileType = image.png; path = "location-pointer@2x.png"; sourceTree = "<group>"; };
		7792DD80179B966500FB5991 /* message_bg.png */ = {isa = PBXFileReference; lastKnownFileType = image.png; name = message_bg.png; path = imadoco/image/message_bg.png; sourceTree = SOURCE_ROOT; };
		7792DD81179B966500FB5991 /* message_bg@2x.png */ = {isa = PBXFileReference; lastKnownFileType = image.png; name = "message_bg@2x.png"; path = "imadoco/image/message_bg@2x.png"; sourceTree = SOURCE_ROOT; };
		7792DD84179BD5D200FB5991 /* new.png */ = {isa = PBXFileReference; lastKnownFileType = image.png; path = new.png; sourceTree = "<group>"; };
		7792DD85179BD5D200FB5991 /* new@2x.png */ = {isa = PBXFileReference; lastKnownFileType = image.png; path = "new@2x.png"; sourceTree = "<group>"; };
		7792DD89179BDC1900FB5991 /* NotificationManager.h */ = {isa = PBXFileReference; fileEncoding = 4; lastKnownFileType = sourcecode.c.h; path = NotificationManager.h; sourceTree = "<group>"; };
		7792DD8A179BDC1900FB5991 /* NotificationManager.m */ = {isa = PBXFileReference; fileEncoding = 4; lastKnownFileType = sourcecode.c.objc; path = NotificationManager.m; sourceTree = "<group>"; };
		7792DD8C179C2C5A00FB5991 /* NSString+Validation.h */ = {isa = PBXFileReference; fileEncoding = 4; lastKnownFileType = sourcecode.c.h; path = "NSString+Validation.h"; sourceTree = "<group>"; };
		7792DD8D179C2C5A00FB5991 /* NSString+Validation.m */ = {isa = PBXFileReference; fileEncoding = 4; lastKnownFileType = sourcecode.c.objc; path = "NSString+Validation.m"; sourceTree = "<group>"; };
		7792DD91179C35FF00FB5991 /* libAdapterNend.a */ = {isa = PBXFileReference; lastKnownFileType = archive.ar; path = libAdapterNend.a; sourceTree = "<group>"; };
		7792DD92179C35FF00FB5991 /* libNendAd.a */ = {isa = PBXFileReference; lastKnownFileType = archive.ar; path = libNendAd.a; sourceTree = "<group>"; };
		7792DD93179C35FF00FB5991 /* NADView.h */ = {isa = PBXFileReference; fileEncoding = 4; lastKnownFileType = sourcecode.c.h; path = NADView.h; sourceTree = "<group>"; };
		7792DD94179C35FF00FB5991 /* NADView_readme.txt */ = {isa = PBXFileReference; fileEncoding = 4; lastKnownFileType = text; path = NADView_readme.txt; sourceTree = "<group>"; };
		7792DD98179C362000FB5991 /* AdSupport.framework */ = {isa = PBXFileReference; lastKnownFileType = wrapper.framework; name = AdSupport.framework; path = System/Library/Frameworks/AdSupport.framework; sourceTree = SDKROOT; };
		7792DD9A179D555600FB5991 /* InfoPlistProperty.h */ = {isa = PBXFileReference; fileEncoding = 4; lastKnownFileType = sourcecode.c.h; path = InfoPlistProperty.h; sourceTree = "<group>"; };
		7792DD9B179D555600FB5991 /* InfoPlistProperty.m */ = {isa = PBXFileReference; fileEncoding = 4; lastKnownFileType = sourcecode.c.objc; path = InfoPlistProperty.m; sourceTree = "<group>"; };
		7792DD9E179D7A2400FB5991 /* FBEncryptorAES.h */ = {isa = PBXFileReference; fileEncoding = 4; lastKnownFileType = sourcecode.c.h; path = FBEncryptorAES.h; sourceTree = "<group>"; };
		7792DD9F179D7A2400FB5991 /* FBEncryptorAES.m */ = {isa = PBXFileReference; fileEncoding = 4; lastKnownFileType = sourcecode.c.objc; path = FBEncryptorAES.m; sourceTree = "<group>"; };
		7792DDA0179D7A2400FB5991 /* NSData+Base64.h */ = {isa = PBXFileReference; fileEncoding = 4; lastKnownFileType = sourcecode.c.h; path = "NSData+Base64.h"; sourceTree = "<group>"; };
		7792DDA1179D7A2400FB5991 /* NSData+Base64.m */ = {isa = PBXFileReference; fileEncoding = 4; lastKnownFileType = sourcecode.c.objc; path = "NSData+Base64.m"; sourceTree = "<group>"; };
		779683FB1789C6B700010AD7 /* NSAlert+MKNetworkKitAdditions.m */ = {isa = PBXFileReference; fileEncoding = 4; lastKnownFileType = sourcecode.c.objc; path = "NSAlert+MKNetworkKitAdditions.m"; sourceTree = "<group>"; };
		779683FC1789C6B700010AD7 /* NSData+MKBase64.h */ = {isa = PBXFileReference; fileEncoding = 4; lastKnownFileType = sourcecode.c.h; path = "NSData+MKBase64.h"; sourceTree = "<group>"; };
		779683FD1789C6B700010AD7 /* NSData+MKBase64.m */ = {isa = PBXFileReference; fileEncoding = 4; lastKnownFileType = sourcecode.c.objc; path = "NSData+MKBase64.m"; sourceTree = "<group>"; };
		779683FE1789C6B700010AD7 /* NSDate+RFC1123.h */ = {isa = PBXFileReference; fileEncoding = 4; lastKnownFileType = sourcecode.c.h; path = "NSDate+RFC1123.h"; sourceTree = "<group>"; };
		779683FF1789C6B700010AD7 /* NSDate+RFC1123.m */ = {isa = PBXFileReference; fileEncoding = 4; lastKnownFileType = sourcecode.c.objc; path = "NSDate+RFC1123.m"; sourceTree = "<group>"; };
		779684001789C6B700010AD7 /* NSDictionary+RequestEncoding.h */ = {isa = PBXFileReference; fileEncoding = 4; lastKnownFileType = sourcecode.c.h; path = "NSDictionary+RequestEncoding.h"; sourceTree = "<group>"; };
		779684011789C6B700010AD7 /* NSDictionary+RequestEncoding.m */ = {isa = PBXFileReference; fileEncoding = 4; lastKnownFileType = sourcecode.c.objc; path = "NSDictionary+RequestEncoding.m"; sourceTree = "<group>"; };
		779684021789C6B700010AD7 /* NSString+MKNetworkKitAdditions.h */ = {isa = PBXFileReference; fileEncoding = 4; lastKnownFileType = sourcecode.c.h; path = "NSString+MKNetworkKitAdditions.h"; sourceTree = "<group>"; };
		779684031789C6B700010AD7 /* NSString+MKNetworkKitAdditions.m */ = {isa = PBXFileReference; fileEncoding = 4; lastKnownFileType = sourcecode.c.objc; path = "NSString+MKNetworkKitAdditions.m"; sourceTree = "<group>"; };
		779684041789C6B700010AD7 /* UIAlertView+MKNetworkKitAdditions.h */ = {isa = PBXFileReference; fileEncoding = 4; lastKnownFileType = sourcecode.c.h; path = "UIAlertView+MKNetworkKitAdditions.h"; sourceTree = "<group>"; };
		779684051789C6B700010AD7 /* UIAlertView+MKNetworkKitAdditions.m */ = {isa = PBXFileReference; fileEncoding = 4; lastKnownFileType = sourcecode.c.objc; path = "UIAlertView+MKNetworkKitAdditions.m"; sourceTree = "<group>"; };
		779684061789C6B700010AD7 /* UIImageView+MKNetworkKitAdditions.h */ = {isa = PBXFileReference; fileEncoding = 4; lastKnownFileType = sourcecode.c.h; path = "UIImageView+MKNetworkKitAdditions.h"; sourceTree = "<group>"; };
		779684071789C6B700010AD7 /* UIImageView+MKNetworkKitAdditions.m */ = {isa = PBXFileReference; fileEncoding = 4; lastKnownFileType = sourcecode.c.objc; path = "UIImageView+MKNetworkKitAdditions.m"; sourceTree = "<group>"; };
		779684081789C6B700010AD7 /* MKNetworkEngine.h */ = {isa = PBXFileReference; fileEncoding = 4; lastKnownFileType = sourcecode.c.h; path = MKNetworkEngine.h; sourceTree = "<group>"; };
		779684091789C6B700010AD7 /* MKNetworkEngine.m */ = {isa = PBXFileReference; fileEncoding = 4; lastKnownFileType = sourcecode.c.objc; path = MKNetworkEngine.m; sourceTree = "<group>"; };
		7796840A1789C6B700010AD7 /* MKNetworkKit.h */ = {isa = PBXFileReference; fileEncoding = 4; lastKnownFileType = sourcecode.c.h; path = MKNetworkKit.h; sourceTree = "<group>"; };
		7796840B1789C6B700010AD7 /* MKNetworkOperation.h */ = {isa = PBXFileReference; fileEncoding = 4; lastKnownFileType = sourcecode.c.h; path = MKNetworkOperation.h; sourceTree = "<group>"; };
		7796840C1789C6B700010AD7 /* MKNetworkOperation.m */ = {isa = PBXFileReference; fileEncoding = 4; lastKnownFileType = sourcecode.c.objc; path = MKNetworkOperation.m; sourceTree = "<group>"; };
		7796840E1789C6B700010AD7 /* Reachability.h */ = {isa = PBXFileReference; fileEncoding = 4; lastKnownFileType = sourcecode.c.h; path = Reachability.h; sourceTree = "<group>"; };
		7796840F1789C6B700010AD7 /* Reachability.m */ = {isa = PBXFileReference; fileEncoding = 4; lastKnownFileType = sourcecode.c.objc; path = Reachability.m; sourceTree = "<group>"; };
		779684111789C6B700010AD7 /* SVProgressHUD.bundle */ = {isa = PBXFileReference; lastKnownFileType = "wrapper.plug-in"; path = SVProgressHUD.bundle; sourceTree = "<group>"; };
		779684121789C6B700010AD7 /* SVProgressHUD.h */ = {isa = PBXFileReference; fileEncoding = 4; lastKnownFileType = sourcecode.c.h; path = SVProgressHUD.h; sourceTree = "<group>"; };
		779684131789C6B700010AD7 /* SVProgressHUD.m */ = {isa = PBXFileReference; fileEncoding = 4; lastKnownFileType = sourcecode.c.objc; path = SVProgressHUD.m; sourceTree = "<group>"; };
		779684201789C72500010AD7 /* ImadocoNetworkEngine.h */ = {isa = PBXFileReference; fileEncoding = 4; lastKnownFileType = sourcecode.c.h; path = ImadocoNetworkEngine.h; sourceTree = "<group>"; };
		779684211789C72500010AD7 /* ImadocoNetworkEngine.m */ = {isa = PBXFileReference; fileEncoding = 4; lastKnownFileType = sourcecode.c.objc; path = ImadocoNetworkEngine.m; sourceTree = "<group>"; };
		779684231789CC2600010AD7 /* CFNetwork.framework */ = {isa = PBXFileReference; lastKnownFileType = wrapper.framework; name = CFNetwork.framework; path = System/Library/Frameworks/CFNetwork.framework; sourceTree = SDKROOT; };
		779684251789CC3A00010AD7 /* SystemConfiguration.framework */ = {isa = PBXFileReference; lastKnownFileType = wrapper.framework; name = SystemConfiguration.framework; path = System/Library/Frameworks/SystemConfiguration.framework; sourceTree = SDKROOT; };
		779684271789CC4500010AD7 /* Security.framework */ = {isa = PBXFileReference; lastKnownFileType = wrapper.framework; name = Security.framework; path = System/Library/Frameworks/Security.framework; sourceTree = SDKROOT; };
		779684291789CD1700010AD7 /* QuartzCore.framework */ = {isa = PBXFileReference; lastKnownFileType = wrapper.framework; name = QuartzCore.framework; path = System/Library/Frameworks/QuartzCore.framework; sourceTree = SDKROOT; };
		7796842B178C43A400010AD7 /* HistoryViewController.h */ = {isa = PBXFileReference; fileEncoding = 4; lastKnownFileType = sourcecode.c.h; path = HistoryViewController.h; sourceTree = "<group>"; };
		7796842C178C43A400010AD7 /* HistoryViewController.m */ = {isa = PBXFileReference; fileEncoding = 4; lastKnownFileType = sourcecode.c.objc; path = HistoryViewController.m; sourceTree = "<group>"; };
		7796842D178C43A400010AD7 /* HistoryViewController.xib */ = {isa = PBXFileReference; fileEncoding = 4; lastKnownFileType = file.xib; path = HistoryViewController.xib; sourceTree = "<group>"; };
		77968435178C4A9B00010AD7 /* TopViewController.h */ = {isa = PBXFileReference; fileEncoding = 4; lastKnownFileType = sourcecode.c.h; name = TopViewController.h; path = imadoco/TopViewController.h; sourceTree = SOURCE_ROOT; };
		77968436178C4A9B00010AD7 /* TopViewController.m */ = {isa = PBXFileReference; fileEncoding = 4; lastKnownFileType = sourcecode.c.objc; name = TopViewController.m; path = imadoco/TopViewController.m; sourceTree = SOURCE_ROOT; };
		77968437178C4A9B00010AD7 /* TopViewController.xib */ = {isa = PBXFileReference; fileEncoding = 4; lastKnownFileType = file.xib; name = TopViewController.xib; path = imadoco/TopViewController.xib; sourceTree = SOURCE_ROOT; };
		7796843A1790AC5300010AD7 /* MapViewController.h */ = {isa = PBXFileReference; fileEncoding = 4; lastKnownFileType = sourcecode.c.h; path = MapViewController.h; sourceTree = "<group>"; };
		7796843B1790AC5300010AD7 /* MapViewController.m */ = {isa = PBXFileReference; fileEncoding = 4; lastKnownFileType = sourcecode.c.objc; path = MapViewController.m; sourceTree = "<group>"; };
		7796843C1790AC5400010AD7 /* MapViewController.xib */ = {isa = PBXFileReference; fileEncoding = 4; lastKnownFileType = file.xib; path = MapViewController.xib; sourceTree = "<group>"; };
		7796843F1790B29500010AD7 /* MapKit.framework */ = {isa = PBXFileReference; lastKnownFileType = wrapper.framework; name = MapKit.framework; path = System/Library/Frameworks/MapKit.framework; sourceTree = SDKROOT; };
		779684411790EA7400010AD7 /* Notification.h */ = {isa = PBXFileReference; fileEncoding = 4; lastKnownFileType = sourcecode.c.h; path = Notification.h; sourceTree = "<group>"; };
		779684421790EA7400010AD7 /* Notification.m */ = {isa = PBXFileReference; fileEncoding = 4; lastKnownFileType = sourcecode.c.objc; path = Notification.m; sourceTree = "<group>"; };
		779B83501787C933002DB143 /* imadoco.app */ = {isa = PBXFileReference; explicitFileType = wrapper.application; includeInIndex = 0; path = imadoco.app; sourceTree = BUILT_PRODUCTS_DIR; };
		779B83531787C933002DB143 /* UIKit.framework */ = {isa = PBXFileReference; lastKnownFileType = wrapper.framework; name = UIKit.framework; path = System/Library/Frameworks/UIKit.framework; sourceTree = SDKROOT; };
		779B83551787C933002DB143 /* Foundation.framework */ = {isa = PBXFileReference; lastKnownFileType = wrapper.framework; name = Foundation.framework; path = System/Library/Frameworks/Foundation.framework; sourceTree = SDKROOT; };
		779B83571787C933002DB143 /* CoreGraphics.framework */ = {isa = PBXFileReference; lastKnownFileType = wrapper.framework; name = CoreGraphics.framework; path = System/Library/Frameworks/CoreGraphics.framework; sourceTree = SDKROOT; };
		779B835B1787C933002DB143 /* imadoco-Info.plist */ = {isa = PBXFileReference; lastKnownFileType = text.plist.xml; path = "imadoco-Info.plist"; sourceTree = "<group>"; };
		779B835D1787C933002DB143 /* en */ = {isa = PBXFileReference; lastKnownFileType = text.plist.strings; name = en; path = en.lproj/InfoPlist.strings; sourceTree = "<group>"; };
		779B835F1787C933002DB143 /* main.m */ = {isa = PBXFileReference; lastKnownFileType = sourcecode.c.objc; path = main.m; sourceTree = "<group>"; };
		779B83611787C933002DB143 /* imadoco-Prefix.pch */ = {isa = PBXFileReference; lastKnownFileType = sourcecode.c.h; path = "imadoco-Prefix.pch"; sourceTree = "<group>"; };
		779B83621787C933002DB143 /* AppDelegate.h */ = {isa = PBXFileReference; lastKnownFileType = sourcecode.c.h; path = AppDelegate.h; sourceTree = "<group>"; };
		779B83631787C933002DB143 /* AppDelegate.m */ = {isa = PBXFileReference; lastKnownFileType = sourcecode.c.objc; path = AppDelegate.m; sourceTree = "<group>"; };
		779B83651787C933002DB143 /* Default.png */ = {isa = PBXFileReference; lastKnownFileType = image.png; path = Default.png; sourceTree = "<group>"; };
		779B83671787C933002DB143 /* Default@2x.png */ = {isa = PBXFileReference; lastKnownFileType = image.png; path = "Default@2x.png"; sourceTree = "<group>"; };
		779B83691787C933002DB143 /* Default-568h@2x.png */ = {isa = PBXFileReference; lastKnownFileType = image.png; path = "Default-568h@2x.png"; sourceTree = "<group>"; };
		779B83761787C933002DB143 /* imadocoTests.octest */ = {isa = PBXFileReference; explicitFileType = wrapper.cfbundle; includeInIndex = 0; path = imadocoTests.octest; sourceTree = BUILT_PRODUCTS_DIR; };
		779B83771787C933002DB143 /* SenTestingKit.framework */ = {isa = PBXFileReference; lastKnownFileType = wrapper.framework; name = SenTestingKit.framework; path = Library/Frameworks/SenTestingKit.framework; sourceTree = DEVELOPER_DIR; };
		779B837F1787C934002DB143 /* imadocoTests-Info.plist */ = {isa = PBXFileReference; lastKnownFileType = text.plist.xml; path = "imadocoTests-Info.plist"; sourceTree = "<group>"; };
		779B83811787C934002DB143 /* en */ = {isa = PBXFileReference; lastKnownFileType = text.plist.strings; name = en; path = en.lproj/InfoPlist.strings; sourceTree = "<group>"; };
		779B83831787C934002DB143 /* imadocoTests.h */ = {isa = PBXFileReference; lastKnownFileType = sourcecode.c.h; path = imadocoTests.h; sourceTree = "<group>"; };
		779B83841787C934002DB143 /* imadocoTests.m */ = {isa = PBXFileReference; lastKnownFileType = sourcecode.c.objc; path = imadocoTests.m; sourceTree = "<group>"; };
		77FE2D381791008E006CFED6 /* icon.png */ = {isa = PBXFileReference; lastKnownFileType = image.png; path = icon.png; sourceTree = "<group>"; };
		77FE2D3A17910091006CFED6 /* icon@2x.png */ = {isa = PBXFileReference; lastKnownFileType = image.png; path = "icon@2x.png"; sourceTree = "<group>"; };
		77FE2D3F17943899006CFED6 /* EGORefreshTableHeaderView.h */ = {isa = PBXFileReference; fileEncoding = 4; lastKnownFileType = sourcecode.c.h; path = EGORefreshTableHeaderView.h; sourceTree = "<group>"; };
		77FE2D4017943899006CFED6 /* EGORefreshTableHeaderView.m */ = {isa = PBXFileReference; fileEncoding = 4; lastKnownFileType = sourcecode.c.objc; path = EGORefreshTableHeaderView.m; sourceTree = "<group>"; };
		77FE2D4217943899006CFED6 /* blackArrow.png */ = {isa = PBXFileReference; lastKnownFileType = image.png; path = blackArrow.png; sourceTree = "<group>"; };
		77FE2D4317943899006CFED6 /* blackArrow@2x.png */ = {isa = PBXFileReference; lastKnownFileType = image.png; path = "blackArrow@2x.png"; sourceTree = "<group>"; };
		77FE2D4417943899006CFED6 /* blueArrow.png */ = {isa = PBXFileReference; lastKnownFileType = image.png; path = blueArrow.png; sourceTree = "<group>"; };
		77FE2D4517943899006CFED6 /* blueArrow@2x.png */ = {isa = PBXFileReference; lastKnownFileType = image.png; path = "blueArrow@2x.png"; sourceTree = "<group>"; };
		77FE2D4617943899006CFED6 /* grayArrow.png */ = {isa = PBXFileReference; lastKnownFileType = image.png; path = grayArrow.png; sourceTree = "<group>"; };
		77FE2D4717943899006CFED6 /* grayArrow@2x.png */ = {isa = PBXFileReference; lastKnownFileType = image.png; path = "grayArrow@2x.png"; sourceTree = "<group>"; };
		77FE2D4817943899006CFED6 /* whiteArrow.png */ = {isa = PBXFileReference; lastKnownFileType = image.png; path = whiteArrow.png; sourceTree = "<group>"; };
		77FE2D4917943899006CFED6 /* whiteArrow@2x.png */ = {isa = PBXFileReference; lastKnownFileType = image.png; path = "whiteArrow@2x.png"; sourceTree = "<group>"; };
		77FE2D5B179A501E006CFED6 /* FlatUIKit.h */ = {isa = PBXFileReference; fileEncoding = 4; lastKnownFileType = sourcecode.c.h; path = FlatUIKit.h; sourceTree = "<group>"; };
		77FE2D5C179A501E006CFED6 /* FUIAlertView.h */ = {isa = PBXFileReference; fileEncoding = 4; lastKnownFileType = sourcecode.c.h; path = FUIAlertView.h; sourceTree = "<group>"; };
		77FE2D5D179A501E006CFED6 /* FUIAlertView.m */ = {isa = PBXFileReference; fileEncoding = 4; lastKnownFileType = sourcecode.c.objc; path = FUIAlertView.m; sourceTree = "<group>"; };
		77FE2D5E179A501E006CFED6 /* FUIButton.h */ = {isa = PBXFileReference; fileEncoding = 4; lastKnownFileType = sourcecode.c.h; path = FUIButton.h; sourceTree = "<group>"; };
		77FE2D5F179A501E006CFED6 /* FUIButton.m */ = {isa = PBXFileReference; fileEncoding = 4; lastKnownFileType = sourcecode.c.objc; path = FUIButton.m; sourceTree = "<group>"; };
		77FE2D60179A501E006CFED6 /* FUICellBackgroundView.h */ = {isa = PBXFileReference; fileEncoding = 4; lastKnownFileType = sourcecode.c.h; path = FUICellBackgroundView.h; sourceTree = "<group>"; };
		77FE2D61179A501E006CFED6 /* FUICellBackgroundView.m */ = {isa = PBXFileReference; fileEncoding = 4; lastKnownFileType = sourcecode.c.objc; path = FUICellBackgroundView.m; sourceTree = "<group>"; };
		77FE2D62179A501E006CFED6 /* FUIPopoverBackgroundView.h */ = {isa = PBXFileReference; fileEncoding = 4; lastKnownFileType = sourcecode.c.h; path = FUIPopoverBackgroundView.h; sourceTree = "<group>"; };
		77FE2D63179A501E006CFED6 /* FUIPopoverBackgroundView.m */ = {isa = PBXFileReference; fileEncoding = 4; lastKnownFileType = sourcecode.c.objc; path = FUIPopoverBackgroundView.m; sourceTree = "<group>"; };
		77FE2D64179A501E006CFED6 /* FUISegmentedControl.h */ = {isa = PBXFileReference; fileEncoding = 4; lastKnownFileType = sourcecode.c.h; path = FUISegmentedControl.h; sourceTree = "<group>"; };
		77FE2D65179A501E006CFED6 /* FUISegmentedControl.m */ = {isa = PBXFileReference; fileEncoding = 4; lastKnownFileType = sourcecode.c.objc; path = FUISegmentedControl.m; sourceTree = "<group>"; };
		77FE2D66179A501E006CFED6 /* FUISwitch.h */ = {isa = PBXFileReference; fileEncoding = 4; lastKnownFileType = sourcecode.c.h; path = FUISwitch.h; sourceTree = "<group>"; };
		77FE2D67179A501E006CFED6 /* FUISwitch.m */ = {isa = PBXFileReference; fileEncoding = 4; lastKnownFileType = sourcecode.c.objc; path = FUISwitch.m; sourceTree = "<group>"; };
		77FE2D68179A501E006CFED6 /* UIBarButtonItem+FlatUI.h */ = {isa = PBXFileReference; fileEncoding = 4; lastKnownFileType = sourcecode.c.h; path = "UIBarButtonItem+FlatUI.h"; sourceTree = "<group>"; };
		77FE2D69179A501E006CFED6 /* UIBarButtonItem+FlatUI.m */ = {isa = PBXFileReference; fileEncoding = 4; lastKnownFileType = sourcecode.c.objc; path = "UIBarButtonItem+FlatUI.m"; sourceTree = "<group>"; };
		77FE2D6A179A501E006CFED6 /* UIColor+FlatUI.h */ = {isa = PBXFileReference; fileEncoding = 4; lastKnownFileType = sourcecode.c.h; path = "UIColor+FlatUI.h"; sourceTree = "<group>"; };
		77FE2D6B179A501E006CFED6 /* UIColor+FlatUI.m */ = {isa = PBXFileReference; fileEncoding = 4; lastKnownFileType = sourcecode.c.objc; path = "UIColor+FlatUI.m"; sourceTree = "<group>"; };
		77FE2D6C179A501E006CFED6 /* UIFont+FlatUI.h */ = {isa = PBXFileReference; fileEncoding = 4; lastKnownFileType = sourcecode.c.h; path = "UIFont+FlatUI.h"; sourceTree = "<group>"; };
		77FE2D6D179A501E006CFED6 /* UIFont+FlatUI.m */ = {isa = PBXFileReference; fileEncoding = 4; lastKnownFileType = sourcecode.c.objc; path = "UIFont+FlatUI.m"; sourceTree = "<group>"; };
		77FE2D6E179A501E006CFED6 /* UIImage+FlatUI.h */ = {isa = PBXFileReference; fileEncoding = 4; lastKnownFileType = sourcecode.c.h; path = "UIImage+FlatUI.h"; sourceTree = "<group>"; };
		77FE2D6F179A501E006CFED6 /* UIImage+FlatUI.m */ = {isa = PBXFileReference; fileEncoding = 4; lastKnownFileType = sourcecode.c.objc; path = "UIImage+FlatUI.m"; sourceTree = "<group>"; };
		77FE2D70179A501E006CFED6 /* UINavigationBar+FlatUI.h */ = {isa = PBXFileReference; fileEncoding = 4; lastKnownFileType = sourcecode.c.h; path = "UINavigationBar+FlatUI.h"; sourceTree = "<group>"; };
		77FE2D71179A501E006CFED6 /* UINavigationBar+FlatUI.m */ = {isa = PBXFileReference; fileEncoding = 4; lastKnownFileType = sourcecode.c.objc; path = "UINavigationBar+FlatUI.m"; sourceTree = "<group>"; };
		77FE2D72179A501E006CFED6 /* UIPopoverController+FlatUI.h */ = {isa = PBXFileReference; fileEncoding = 4; lastKnownFileType = sourcecode.c.h; path = "UIPopoverController+FlatUI.h"; sourceTree = "<group>"; };
		77FE2D73179A501E006CFED6 /* UIPopoverController+FlatUI.m */ = {isa = PBXFileReference; fileEncoding = 4; lastKnownFileType = sourcecode.c.objc; path = "UIPopoverController+FlatUI.m"; sourceTree = "<group>"; };
		77FE2D74179A501E006CFED6 /* UIProgressView+FlatUI.h */ = {isa = PBXFileReference; fileEncoding = 4; lastKnownFileType = sourcecode.c.h; path = "UIProgressView+FlatUI.h"; sourceTree = "<group>"; };
		77FE2D75179A501E006CFED6 /* UIProgressView+FlatUI.m */ = {isa = PBXFileReference; fileEncoding = 4; lastKnownFileType = sourcecode.c.objc; path = "UIProgressView+FlatUI.m"; sourceTree = "<group>"; };
		77FE2D76179A501E006CFED6 /* UISlider+FlatUI.h */ = {isa = PBXFileReference; fileEncoding = 4; lastKnownFileType = sourcecode.c.h; path = "UISlider+FlatUI.h"; sourceTree = "<group>"; };
		77FE2D77179A501E006CFED6 /* UISlider+FlatUI.m */ = {isa = PBXFileReference; fileEncoding = 4; lastKnownFileType = sourcecode.c.objc; path = "UISlider+FlatUI.m"; sourceTree = "<group>"; };
		77FE2D78179A501E006CFED6 /* UIStepper+FlatUI.h */ = {isa = PBXFileReference; fileEncoding = 4; lastKnownFileType = sourcecode.c.h; path = "UIStepper+FlatUI.h"; sourceTree = "<group>"; };
		77FE2D79179A501E006CFED6 /* UIStepper+FlatUI.m */ = {isa = PBXFileReference; fileEncoding = 4; lastKnownFileType = sourcecode.c.objc; path = "UIStepper+FlatUI.m"; sourceTree = "<group>"; };
		77FE2D7A179A501E006CFED6 /* UITabBar+FlatUI.h */ = {isa = PBXFileReference; fileEncoding = 4; lastKnownFileType = sourcecode.c.h; path = "UITabBar+FlatUI.h"; sourceTree = "<group>"; };
		77FE2D7B179A501E006CFED6 /* UITabBar+FlatUI.m */ = {isa = PBXFileReference; fileEncoding = 4; lastKnownFileType = sourcecode.c.objc; path = "UITabBar+FlatUI.m"; sourceTree = "<group>"; };
		77FE2D7C179A501E006CFED6 /* UITableViewCell+FlatUI.h */ = {isa = PBXFileReference; fileEncoding = 4; lastKnownFileType = sourcecode.c.h; path = "UITableViewCell+FlatUI.h"; sourceTree = "<group>"; };
		77FE2D7D179A501E006CFED6 /* UITableViewCell+FlatUI.m */ = {isa = PBXFileReference; fileEncoding = 4; lastKnownFileType = sourcecode.c.objc; path = "UITableViewCell+FlatUI.m"; sourceTree = "<group>"; };
		77FE2D7E179A501E006CFED6 /* UIToolbar+FlatUI.h */ = {isa = PBXFileReference; fileEncoding = 4; lastKnownFileType = sourcecode.c.h; path = "UIToolbar+FlatUI.h"; sourceTree = "<group>"; };
		77FE2D7F179A501E006CFED6 /* UIToolbar+FlatUI.m */ = {isa = PBXFileReference; fileEncoding = 4; lastKnownFileType = sourcecode.c.objc; path = "UIToolbar+FlatUI.m"; sourceTree = "<group>"; };
		77FE2D81179A501E006CFED6 /* Lato-Black.ttf */ = {isa = PBXFileReference; lastKnownFileType = file; path = "Lato-Black.ttf"; sourceTree = "<group>"; };
		77FE2D82179A501E006CFED6 /* Lato-BlackItalic.ttf */ = {isa = PBXFileReference; lastKnownFileType = file; path = "Lato-BlackItalic.ttf"; sourceTree = "<group>"; };
		77FE2D83179A501E006CFED6 /* Lato-Bold.ttf */ = {isa = PBXFileReference; lastKnownFileType = file; path = "Lato-Bold.ttf"; sourceTree = "<group>"; };
		77FE2D84179A501E006CFED6 /* Lato-BoldItalic.ttf */ = {isa = PBXFileReference; lastKnownFileType = file; path = "Lato-BoldItalic.ttf"; sourceTree = "<group>"; };
		77FE2D85179A501E006CFED6 /* Lato-Hairline.ttf */ = {isa = PBXFileReference; lastKnownFileType = file; path = "Lato-Hairline.ttf"; sourceTree = "<group>"; };
		77FE2D86179A501E006CFED6 /* Lato-HairlineItalic.ttf */ = {isa = PBXFileReference; lastKnownFileType = file; path = "Lato-HairlineItalic.ttf"; sourceTree = "<group>"; };
		77FE2D87179A501E006CFED6 /* Lato-Italic.ttf */ = {isa = PBXFileReference; lastKnownFileType = file; path = "Lato-Italic.ttf"; sourceTree = "<group>"; };
		77FE2D88179A501E006CFED6 /* Lato-Light.ttf */ = {isa = PBXFileReference; lastKnownFileType = file; path = "Lato-Light.ttf"; sourceTree = "<group>"; };
		77FE2D89179A501E006CFED6 /* Lato-LightItalic.ttf */ = {isa = PBXFileReference; lastKnownFileType = file; path = "Lato-LightItalic.ttf"; sourceTree = "<group>"; };
		77FE2D8A179A501E006CFED6 /* Lato-Regular.ttf */ = {isa = PBXFileReference; lastKnownFileType = file; path = "Lato-Regular.ttf"; sourceTree = "<group>"; };
		77FE2DA7179A5130006CFED6 /* CoreText.framework */ = {isa = PBXFileReference; lastKnownFileType = wrapper.framework; name = CoreText.framework; path = System/Library/Frameworks/CoreText.framework; sourceTree = SDKROOT; };
/* End PBXFileReference section */

/* Begin PBXFrameworksBuildPhase section */
		779B834D1787C933002DB143 /* Frameworks */ = {
			isa = PBXFrameworksBuildPhase;
			buildActionMask = 2147483647;
			files = (
				779684281789CC4500010AD7 /* Security.framework in Frameworks */,
				7792DD99179C362000FB5991 /* AdSupport.framework in Frameworks */,
				77FE2DA8179A5130006CFED6 /* CoreText.framework in Frameworks */,
				779684401790B29500010AD7 /* MapKit.framework in Frameworks */,
				7796842A1789CD1700010AD7 /* QuartzCore.framework in Frameworks */,
				779684261789CC3A00010AD7 /* SystemConfiguration.framework in Frameworks */,
				779684241789CC2600010AD7 /* CFNetwork.framework in Frameworks */,
				779B83541787C933002DB143 /* UIKit.framework in Frameworks */,
				779B83561787C933002DB143 /* Foundation.framework in Frameworks */,
				779B83581787C933002DB143 /* CoreGraphics.framework in Frameworks */,
				7792DD95179C35FF00FB5991 /* libAdapterNend.a in Frameworks */,
				7792DD96179C35FF00FB5991 /* libNendAd.a in Frameworks */,
			);
			runOnlyForDeploymentPostprocessing = 0;
		};
		779B83721787C933002DB143 /* Frameworks */ = {
			isa = PBXFrameworksBuildPhase;
			buildActionMask = 2147483647;
			files = (
				779B83781787C933002DB143 /* SenTestingKit.framework in Frameworks */,
				779B83791787C933002DB143 /* UIKit.framework in Frameworks */,
				779B837A1787C933002DB143 /* Foundation.framework in Frameworks */,
			);
			runOnlyForDeploymentPostprocessing = 0;
		};
/* End PBXFrameworksBuildPhase section */

/* Begin PBXGroup section */
		7792DD70179A67E000FB5991 /* util */ = {
			isa = PBXGroup;
			children = (
				7792DD8C179C2C5A00FB5991 /* NSString+Validation.h */,
				7792DD8D179C2C5A00FB5991 /* NSString+Validation.m */,
				7792DD80179B966500FB5991 /* message_bg.png */,
				7792DD81179B966500FB5991 /* message_bg@2x.png */,
				7792DD71179A67E000FB5991 /* UIColor+Hex.h */,
				7792DD72179A67E000FB5991 /* UIColor+Hex.m */,
			);
			path = util;
			sourceTree = "<group>";
		};
		7792DD74179AA46A00FB5991 /* view */ = {
			isa = PBXGroup;
			children = (
				7792DD75179AA4B100FB5991 /* NotificationCell.h */,
				7792DD76179AA4B100FB5991 /* NotificationCell.m */,
			);
			path = view;
			sourceTree = "<group>";
		};
		7792DD88179BDBEF00FB5991 /* manager */ = {
			isa = PBXGroup;
			children = (
				7792DD89179BDC1900FB5991 /* NotificationManager.h */,
				7792DD8A179BDC1900FB5991 /* NotificationManager.m */,
			);
			path = manager;
			sourceTree = "<group>";
		};
		7792DD8F179C35FF00FB5991 /* ad */ = {
			isa = PBXGroup;
			children = (
				7792DD90179C35FF00FB5991 /* NendAd */,
			);
			path = ad;
			sourceTree = "<group>";
		};
		7792DD90179C35FF00FB5991 /* NendAd */ = {
			isa = PBXGroup;
			children = (
				7792DD91179C35FF00FB5991 /* libAdapterNend.a */,
				7792DD92179C35FF00FB5991 /* libNendAd.a */,
				7792DD93179C35FF00FB5991 /* NADView.h */,
				7792DD94179C35FF00FB5991 /* NADView_readme.txt */,
			);
			path = NendAd;
			sourceTree = "<group>";
		};
		7792DD9D179D7A2400FB5991 /* FBEncryptor */ = {
			isa = PBXGroup;
			children = (
				7792DD9E179D7A2400FB5991 /* FBEncryptorAES.h */,
				7792DD9F179D7A2400FB5991 /* FBEncryptorAES.m */,
				7792DDA0179D7A2400FB5991 /* NSData+Base64.h */,
				7792DDA1179D7A2400FB5991 /* NSData+Base64.m */,
			);
			path = FBEncryptor;
			sourceTree = "<group>";
		};
		779683F41789C66C00010AD7 /* network */ = {
			isa = PBXGroup;
			children = (
				779684201789C72500010AD7 /* ImadocoNetworkEngine.h */,
				779684211789C72500010AD7 /* ImadocoNetworkEngine.m */,
			);
			path = network;
			sourceTree = "<group>";
		};
		779683F81789C6B700010AD7 /* lib */ = {
			isa = PBXGroup;
			children = (
				7792DD9D179D7A2400FB5991 /* FBEncryptor */,
				77FE2D58179A501E006CFED6 /* FlatUIKit */,
				77FE2D3C17943899006CFED6 /* EGOTableViewPullRefresh */,
				779683F91789C6B700010AD7 /* MKNetworkKit */,
				779684101789C6B700010AD7 /* SVProgressHUD */,
			);
			path = lib;
			sourceTree = "<group>";
		};
		779683F91789C6B700010AD7 /* MKNetworkKit */ = {
			isa = PBXGroup;
			children = (
				779683FA1789C6B700010AD7 /* Categories */,
				779684081789C6B700010AD7 /* MKNetworkEngine.h */,
				779684091789C6B700010AD7 /* MKNetworkEngine.m */,
				7796840A1789C6B700010AD7 /* MKNetworkKit.h */,
				7796840B1789C6B700010AD7 /* MKNetworkOperation.h */,
				7796840C1789C6B700010AD7 /* MKNetworkOperation.m */,
				7796840D1789C6B700010AD7 /* Reachability */,
			);
			path = MKNetworkKit;
			sourceTree = "<group>";
		};
		779683FA1789C6B700010AD7 /* Categories */ = {
			isa = PBXGroup;
			children = (
				779683FB1789C6B700010AD7 /* NSAlert+MKNetworkKitAdditions.m */,
				779683FC1789C6B700010AD7 /* NSData+MKBase64.h */,
				779683FD1789C6B700010AD7 /* NSData+MKBase64.m */,
				779683FE1789C6B700010AD7 /* NSDate+RFC1123.h */,
				779683FF1789C6B700010AD7 /* NSDate+RFC1123.m */,
				779684001789C6B700010AD7 /* NSDictionary+RequestEncoding.h */,
				779684011789C6B700010AD7 /* NSDictionary+RequestEncoding.m */,
				779684021789C6B700010AD7 /* NSString+MKNetworkKitAdditions.h */,
				779684031789C6B700010AD7 /* NSString+MKNetworkKitAdditions.m */,
				779684041789C6B700010AD7 /* UIAlertView+MKNetworkKitAdditions.h */,
				779684051789C6B700010AD7 /* UIAlertView+MKNetworkKitAdditions.m */,
				779684061789C6B700010AD7 /* UIImageView+MKNetworkKitAdditions.h */,
				779684071789C6B700010AD7 /* UIImageView+MKNetworkKitAdditions.m */,
			);
			path = Categories;
			sourceTree = "<group>";
		};
		7796840D1789C6B700010AD7 /* Reachability */ = {
			isa = PBXGroup;
			children = (
				7796840E1789C6B700010AD7 /* Reachability.h */,
				7796840F1789C6B700010AD7 /* Reachability.m */,
			);
			path = Reachability;
			sourceTree = "<group>";
		};
		779684101789C6B700010AD7 /* SVProgressHUD */ = {
			isa = PBXGroup;
			children = (
				779684111789C6B700010AD7 /* SVProgressHUD.bundle */,
				779684121789C6B700010AD7 /* SVProgressHUD.h */,
				779684131789C6B700010AD7 /* SVProgressHUD.m */,
			);
			path = SVProgressHUD;
			sourceTree = "<group>";
		};
		77968431178C47AD00010AD7 /* api */ = {
			isa = PBXGroup;
			children = (
				779684411790EA7400010AD7 /* Notification.h */,
				779684421790EA7400010AD7 /* Notification.m */,
			);
			path = api;
			sourceTree = "<group>";
		};
		779B83471787C933002DB143 = {
			isa = PBXGroup;
			children = (
				77FE2D3A17910091006CFED6 /* icon@2x.png */,
				77FE2D381791008E006CFED6 /* icon.png */,
				779B83591787C933002DB143 /* imadoco */,
				779B837D1787C934002DB143 /* imadocoTests */,
				779B83521787C933002DB143 /* Frameworks */,
				779B83511787C933002DB143 /* Products */,
			);
			sourceTree = "<group>";
		};
		779B83511787C933002DB143 /* Products */ = {
			isa = PBXGroup;
			children = (
				779B83501787C933002DB143 /* imadoco.app */,
				779B83761787C933002DB143 /* imadocoTests.octest */,
			);
			name = Products;
			sourceTree = "<group>";
		};
		779B83521787C933002DB143 /* Frameworks */ = {
			isa = PBXGroup;
			children = (
				7792DD98179C362000FB5991 /* AdSupport.framework */,
				77FE2DA7179A5130006CFED6 /* CoreText.framework */,
				7796843F1790B29500010AD7 /* MapKit.framework */,
				779684291789CD1700010AD7 /* QuartzCore.framework */,
				779684271789CC4500010AD7 /* Security.framework */,
				779684251789CC3A00010AD7 /* SystemConfiguration.framework */,
				779684231789CC2600010AD7 /* CFNetwork.framework */,
				779B83531787C933002DB143 /* UIKit.framework */,
				779B83551787C933002DB143 /* Foundation.framework */,
				779B83571787C933002DB143 /* CoreGraphics.framework */,
				779B83771787C933002DB143 /* SenTestingKit.framework */,
			);
			name = Frameworks;
			sourceTree = "<group>";
		};
		779B83591787C933002DB143 /* imadoco */ = {
			isa = PBXGroup;
			children = (
				7792DD8F179C35FF00FB5991 /* ad */,
				7792DD88179BDBEF00FB5991 /* manager */,
				7792DD74179AA46A00FB5991 /* view */,
				7792DD70179A67E000FB5991 /* util */,
				77FE2D53179A2E0D006CFED6 /* image */,
				77968431178C47AD00010AD7 /* api */,
				779B835A1787C933002DB143 /* Supporting Files */,
				779683F81789C6B700010AD7 /* lib */,
				779683F41789C66C00010AD7 /* network */,
				779B83621787C933002DB143 /* AppDelegate.h */,
				779B83631787C933002DB143 /* AppDelegate.m */,
				7792DD9A179D555600FB5991 /* InfoPlistProperty.h */,
				7792DD9B179D555600FB5991 /* InfoPlistProperty.m */,
				77968435178C4A9B00010AD7 /* TopViewController.h */,
				77968436178C4A9B00010AD7 /* TopViewController.m */,
				77968437178C4A9B00010AD7 /* TopViewController.xib */,
				7796842B178C43A400010AD7 /* HistoryViewController.h */,
				7796842C178C43A400010AD7 /* HistoryViewController.m */,
				7796842D178C43A400010AD7 /* HistoryViewController.xib */,
				7796843A1790AC5300010AD7 /* MapViewController.h */,
				7796843B1790AC5300010AD7 /* MapViewController.m */,
				7796843C1790AC5400010AD7 /* MapViewController.xib */,
			);
			path = imadoco;
			sourceTree = "<group>";
		};
		779B835A1787C933002DB143 /* Supporting Files */ = {
			isa = PBXGroup;
			children = (
				779B835B1787C933002DB143 /* imadoco-Info.plist */,
				779B835C1787C933002DB143 /* InfoPlist.strings */,
				779B835F1787C933002DB143 /* main.m */,
				779B83611787C933002DB143 /* imadoco-Prefix.pch */,
				779B83651787C933002DB143 /* Default.png */,
				779B83671787C933002DB143 /* Default@2x.png */,
				779B83691787C933002DB143 /* Default-568h@2x.png */,
			);
			name = "Supporting Files";
			sourceTree = "<group>";
		};
		779B837D1787C934002DB143 /* imadocoTests */ = {
			isa = PBXGroup;
			children = (
				779B83831787C934002DB143 /* imadocoTests.h */,
				779B83841787C934002DB143 /* imadocoTests.m */,
				779B837E1787C934002DB143 /* Supporting Files */,
			);
			path = imadocoTests;
			sourceTree = "<group>";
		};
		779B837E1787C934002DB143 /* Supporting Files */ = {
			isa = PBXGroup;
			children = (
				779B837F1787C934002DB143 /* imadocoTests-Info.plist */,
				779B83801787C934002DB143 /* InfoPlist.strings */,
			);
			name = "Supporting Files";
			sourceTree = "<group>";
		};
		77FE2D3C17943899006CFED6 /* EGOTableViewPullRefresh */ = {
			isa = PBXGroup;
			children = (
				77FE2D3D17943899006CFED6 /* Classes */,
				77FE2D4117943899006CFED6 /* Resources */,
			);
			path = EGOTableViewPullRefresh;
			sourceTree = "<group>";
		};
		77FE2D3D17943899006CFED6 /* Classes */ = {
			isa = PBXGroup;
			children = (
				77FE2D3E17943899006CFED6 /* View */,
			);
			path = Classes;
			sourceTree = "<group>";
		};
		77FE2D3E17943899006CFED6 /* View */ = {
			isa = PBXGroup;
			children = (
				77FE2D3F17943899006CFED6 /* EGORefreshTableHeaderView.h */,
				77FE2D4017943899006CFED6 /* EGORefreshTableHeaderView.m */,
			);
			path = View;
			sourceTree = "<group>";
		};
		77FE2D4117943899006CFED6 /* Resources */ = {
			isa = PBXGroup;
			children = (
				77FE2D4217943899006CFED6 /* blackArrow.png */,
				77FE2D4317943899006CFED6 /* blackArrow@2x.png */,
				77FE2D4417943899006CFED6 /* blueArrow.png */,
				77FE2D4517943899006CFED6 /* blueArrow@2x.png */,
				77FE2D4617943899006CFED6 /* grayArrow.png */,
				77FE2D4717943899006CFED6 /* grayArrow@2x.png */,
				77FE2D4817943899006CFED6 /* whiteArrow.png */,
				77FE2D4917943899006CFED6 /* whiteArrow@2x.png */,
			);
			path = Resources;
			sourceTree = "<group>";
		};
		77FE2D53179A2E0D006CFED6 /* image */ = {
			isa = PBXGroup;
			children = (
				7792DD84179BD5D200FB5991 /* new.png */,
				7792DD85179BD5D200FB5991 /* new@2x.png */,
				7792DD78179AD24700FB5991 /* email.png */,
				7792DD79179AD24700FB5991 /* email@2x.png */,
				7792DD7A179AD24700FB5991 /* location-pointer.png */,
				7792DD7B179AD24700FB5991 /* location-pointer@2x.png */,
				7792DD6C179A647A00FB5991 /* description_bg_bottom.png */,
				7792DD6D179A647A00FB5991 /* description_bg_bottom@2x.png */,
				7792DD68179A5CC000FB5991 /* description_bg_top.png */,
				7792DD69179A5CC000FB5991 /* description_bg_top@2x.png */,
			);
			path = image;
			sourceTree = "<group>";
		};
		77FE2D58179A501E006CFED6 /* FlatUIKit */ = {
			isa = PBXGroup;
			children = (
				77FE2D59179A501E006CFED6 /* Classes */,
				77FE2D80179A501E006CFED6 /* Resources */,
			);
			path = FlatUIKit;
			sourceTree = "<group>";
		};
		77FE2D59179A501E006CFED6 /* Classes */ = {
			isa = PBXGroup;
			children = (
				77FE2D5A179A501E006CFED6 /* ios */,
			);
			path = Classes;
			sourceTree = "<group>";
		};
		77FE2D5A179A501E006CFED6 /* ios */ = {
			isa = PBXGroup;
			children = (
				77FE2D5B179A501E006CFED6 /* FlatUIKit.h */,
				77FE2D5C179A501E006CFED6 /* FUIAlertView.h */,
				77FE2D5D179A501E006CFED6 /* FUIAlertView.m */,
				77FE2D5E179A501E006CFED6 /* FUIButton.h */,
				77FE2D5F179A501E006CFED6 /* FUIButton.m */,
				77FE2D60179A501E006CFED6 /* FUICellBackgroundView.h */,
				77FE2D61179A501E006CFED6 /* FUICellBackgroundView.m */,
				77FE2D62179A501E006CFED6 /* FUIPopoverBackgroundView.h */,
				77FE2D63179A501E006CFED6 /* FUIPopoverBackgroundView.m */,
				77FE2D64179A501E006CFED6 /* FUISegmentedControl.h */,
				77FE2D65179A501E006CFED6 /* FUISegmentedControl.m */,
				77FE2D66179A501E006CFED6 /* FUISwitch.h */,
				77FE2D67179A501E006CFED6 /* FUISwitch.m */,
				77FE2D68179A501E006CFED6 /* UIBarButtonItem+FlatUI.h */,
				77FE2D69179A501E006CFED6 /* UIBarButtonItem+FlatUI.m */,
				77FE2D6A179A501E006CFED6 /* UIColor+FlatUI.h */,
				77FE2D6B179A501E006CFED6 /* UIColor+FlatUI.m */,
				77FE2D6C179A501E006CFED6 /* UIFont+FlatUI.h */,
				77FE2D6D179A501E006CFED6 /* UIFont+FlatUI.m */,
				77FE2D6E179A501E006CFED6 /* UIImage+FlatUI.h */,
				77FE2D6F179A501E006CFED6 /* UIImage+FlatUI.m */,
				77FE2D70179A501E006CFED6 /* UINavigationBar+FlatUI.h */,
				77FE2D71179A501E006CFED6 /* UINavigationBar+FlatUI.m */,
				77FE2D72179A501E006CFED6 /* UIPopoverController+FlatUI.h */,
				77FE2D73179A501E006CFED6 /* UIPopoverController+FlatUI.m */,
				77FE2D74179A501E006CFED6 /* UIProgressView+FlatUI.h */,
				77FE2D75179A501E006CFED6 /* UIProgressView+FlatUI.m */,
				77FE2D76179A501E006CFED6 /* UISlider+FlatUI.h */,
				77FE2D77179A501E006CFED6 /* UISlider+FlatUI.m */,
				77FE2D78179A501E006CFED6 /* UIStepper+FlatUI.h */,
				77FE2D79179A501E006CFED6 /* UIStepper+FlatUI.m */,
				77FE2D7A179A501E006CFED6 /* UITabBar+FlatUI.h */,
				77FE2D7B179A501E006CFED6 /* UITabBar+FlatUI.m */,
				77FE2D7C179A501E006CFED6 /* UITableViewCell+FlatUI.h */,
				77FE2D7D179A501E006CFED6 /* UITableViewCell+FlatUI.m */,
				77FE2D7E179A501E006CFED6 /* UIToolbar+FlatUI.h */,
				77FE2D7F179A501E006CFED6 /* UIToolbar+FlatUI.m */,
			);
			path = ios;
			sourceTree = "<group>";
		};
		77FE2D80179A501E006CFED6 /* Resources */ = {
			isa = PBXGroup;
			children = (
				77FE2D81179A501E006CFED6 /* Lato-Black.ttf */,
				77FE2D82179A501E006CFED6 /* Lato-BlackItalic.ttf */,
				77FE2D83179A501E006CFED6 /* Lato-Bold.ttf */,
				77FE2D84179A501E006CFED6 /* Lato-BoldItalic.ttf */,
				77FE2D85179A501E006CFED6 /* Lato-Hairline.ttf */,
				77FE2D86179A501E006CFED6 /* Lato-HairlineItalic.ttf */,
				77FE2D87179A501E006CFED6 /* Lato-Italic.ttf */,
				77FE2D88179A501E006CFED6 /* Lato-Light.ttf */,
				77FE2D89179A501E006CFED6 /* Lato-LightItalic.ttf */,
				77FE2D8A179A501E006CFED6 /* Lato-Regular.ttf */,
			);
			path = Resources;
			sourceTree = "<group>";
		};
/* End PBXGroup section */

/* Begin PBXNativeTarget section */
		779B834F1787C933002DB143 /* imadoco */ = {
			isa = PBXNativeTarget;
			buildConfigurationList = 779B83881787C934002DB143 /* Build configuration list for PBXNativeTarget "imadoco" */;
			buildPhases = (
				779B834C1787C933002DB143 /* Sources */,
				779B834D1787C933002DB143 /* Frameworks */,
				779B834E1787C933002DB143 /* Resources */,
			);
			buildRules = (
			);
			dependencies = (
			);
			name = imadoco;
			productName = imadoco;
			productReference = 779B83501787C933002DB143 /* imadoco.app */;
			productType = "com.apple.product-type.application";
		};
		779B83751787C933002DB143 /* imadocoTests */ = {
			isa = PBXNativeTarget;
			buildConfigurationList = 779B838B1787C934002DB143 /* Build configuration list for PBXNativeTarget "imadocoTests" */;
			buildPhases = (
				779B83711787C933002DB143 /* Sources */,
				779B83721787C933002DB143 /* Frameworks */,
				779B83731787C933002DB143 /* Resources */,
				779B83741787C933002DB143 /* ShellScript */,
			);
			buildRules = (
			);
			dependencies = (
				779B837C1787C934002DB143 /* PBXTargetDependency */,
			);
			name = imadocoTests;
			productName = imadocoTests;
			productReference = 779B83761787C933002DB143 /* imadocoTests.octest */;
			productType = "com.apple.product-type.bundle";
		};
/* End PBXNativeTarget section */

/* Begin PBXProject section */
		779B83481787C933002DB143 /* Project object */ = {
			isa = PBXProject;
			attributes = {
				LastUpgradeCheck = 0460;
				ORGANIZATIONNAME = u1;
			};
			buildConfigurationList = 779B834B1787C933002DB143 /* Build configuration list for PBXProject "imadoco" */;
			compatibilityVersion = "Xcode 3.2";
			developmentRegion = English;
			hasScannedForEncodings = 0;
			knownRegions = (
				en,
			);
			mainGroup = 779B83471787C933002DB143;
			productRefGroup = 779B83511787C933002DB143 /* Products */;
			projectDirPath = "";
			projectRoot = "";
			targets = (
				779B834F1787C933002DB143 /* imadoco */,
				779B83751787C933002DB143 /* imadocoTests */,
			);
		};
/* End PBXProject section */

/* Begin PBXResourcesBuildPhase section */
		779B834E1787C933002DB143 /* Resources */ = {
			isa = PBXResourcesBuildPhase;
			buildActionMask = 2147483647;
			files = (
				779B835E1787C933002DB143 /* InfoPlist.strings in Resources */,
				779B83661787C933002DB143 /* Default.png in Resources */,
				779B83681787C933002DB143 /* Default@2x.png in Resources */,
				779B836A1787C933002DB143 /* Default-568h@2x.png in Resources */,
				7796841E1789C6B700010AD7 /* SVProgressHUD.bundle in Resources */,
				7796842F178C43A400010AD7 /* HistoryViewController.xib in Resources */,
				77968439178C4A9B00010AD7 /* TopViewController.xib in Resources */,
				7796843E1790AC5400010AD7 /* MapViewController.xib in Resources */,
				77FE2D391791008E006CFED6 /* icon.png in Resources */,
				77FE2D3B17910091006CFED6 /* icon@2x.png in Resources */,
				77FE2D4B17943899006CFED6 /* blackArrow.png in Resources */,
				77FE2D4C17943899006CFED6 /* blackArrow@2x.png in Resources */,
				77FE2D4D17943899006CFED6 /* blueArrow.png in Resources */,
				77FE2D4E17943899006CFED6 /* blueArrow@2x.png in Resources */,
				77FE2D4F17943899006CFED6 /* grayArrow.png in Resources */,
				77FE2D5017943899006CFED6 /* grayArrow@2x.png in Resources */,
				77FE2D5117943899006CFED6 /* whiteArrow.png in Resources */,
				77FE2D5217943899006CFED6 /* whiteArrow@2x.png in Resources */,
				77FE2D9D179A501E006CFED6 /* Lato-Black.ttf in Resources */,
				77FE2D9E179A501E006CFED6 /* Lato-BlackItalic.ttf in Resources */,
				77FE2D9F179A501E006CFED6 /* Lato-Bold.ttf in Resources */,
				77FE2DA0179A501E006CFED6 /* Lato-BoldItalic.ttf in Resources */,
				77FE2DA1179A501E006CFED6 /* Lato-Hairline.ttf in Resources */,
				77FE2DA2179A501E006CFED6 /* Lato-HairlineItalic.ttf in Resources */,
				77FE2DA3179A501E006CFED6 /* Lato-Italic.ttf in Resources */,
				77FE2DA4179A501E006CFED6 /* Lato-Light.ttf in Resources */,
				77FE2DA5179A501E006CFED6 /* Lato-LightItalic.ttf in Resources */,
				77FE2DA6179A501E006CFED6 /* Lato-Regular.ttf in Resources */,
				7792DD6A179A5CC000FB5991 /* description_bg_top.png in Resources */,
				7792DD6B179A5CC000FB5991 /* description_bg_top@2x.png in Resources */,
				7792DD6E179A647A00FB5991 /* description_bg_bottom.png in Resources */,
				7792DD6F179A647A00FB5991 /* description_bg_bottom@2x.png in Resources */,
				7792DD7C179AD24700FB5991 /* email.png in Resources */,
				7792DD7D179AD24700FB5991 /* email@2x.png in Resources */,
				7792DD7E179AD24700FB5991 /* location-pointer.png in Resources */,
				7792DD7F179AD24700FB5991 /* location-pointer@2x.png in Resources */,
				7792DD82179B966500FB5991 /* message_bg.png in Resources */,
				7792DD83179B966500FB5991 /* message_bg@2x.png in Resources */,
				7792DD86179BD5D200FB5991 /* new.png in Resources */,
				7792DD87179BD5D200FB5991 /* new@2x.png in Resources */,
				7792DD97179C35FF00FB5991 /* NADView_readme.txt in Resources */,
			);
			runOnlyForDeploymentPostprocessing = 0;
		};
		779B83731787C933002DB143 /* Resources */ = {
			isa = PBXResourcesBuildPhase;
			buildActionMask = 2147483647;
			files = (
				779B83821787C934002DB143 /* InfoPlist.strings in Resources */,
			);
			runOnlyForDeploymentPostprocessing = 0;
		};
/* End PBXResourcesBuildPhase section */

/* Begin PBXShellScriptBuildPhase section */
		779B83741787C933002DB143 /* ShellScript */ = {
			isa = PBXShellScriptBuildPhase;
			buildActionMask = 2147483647;
			files = (
			);
			inputPaths = (
			);
			outputPaths = (
			);
			runOnlyForDeploymentPostprocessing = 0;
			shellPath = /bin/sh;
			shellScript = "# Run the unit tests in this test bundle.\n\"${SYSTEM_DEVELOPER_DIR}/Tools/RunUnitTests\"\n";
		};
/* End PBXShellScriptBuildPhase section */

/* Begin PBXSourcesBuildPhase section */
		779B834C1787C933002DB143 /* Sources */ = {
			isa = PBXSourcesBuildPhase;
			buildActionMask = 2147483647;
			files = (
				779B83601787C933002DB143 /* main.m in Sources */,
				779B83641787C933002DB143 /* AppDelegate.m in Sources */,
				779684141789C6B700010AD7 /* NSAlert+MKNetworkKitAdditions.m in Sources */,
				779684151789C6B700010AD7 /* NSData+MKBase64.m in Sources */,
				779684161789C6B700010AD7 /* NSDate+RFC1123.m in Sources */,
				779684171789C6B700010AD7 /* NSDictionary+RequestEncoding.m in Sources */,
				779684181789C6B700010AD7 /* NSString+MKNetworkKitAdditions.m in Sources */,
				779684191789C6B700010AD7 /* UIAlertView+MKNetworkKitAdditions.m in Sources */,
				7796841A1789C6B700010AD7 /* UIImageView+MKNetworkKitAdditions.m in Sources */,
				7796841B1789C6B700010AD7 /* MKNetworkEngine.m in Sources */,
				7796841C1789C6B700010AD7 /* MKNetworkOperation.m in Sources */,
				7796841D1789C6B700010AD7 /* Reachability.m in Sources */,
				7796841F1789C6B700010AD7 /* SVProgressHUD.m in Sources */,
				779684221789C72500010AD7 /* ImadocoNetworkEngine.m in Sources */,
				7796842E178C43A400010AD7 /* HistoryViewController.m in Sources */,
				77968438178C4A9B00010AD7 /* TopViewController.m in Sources */,
				7796843D1790AC5400010AD7 /* MapViewController.m in Sources */,
				779684431790EA7400010AD7 /* Notification.m in Sources */,
				77FE2D4A17943899006CFED6 /* EGORefreshTableHeaderView.m in Sources */,
				77FE2D8B179A501E006CFED6 /* FUIAlertView.m in Sources */,
				77FE2D8C179A501E006CFED6 /* FUIButton.m in Sources */,
				77FE2D8D179A501E006CFED6 /* FUICellBackgroundView.m in Sources */,
				77FE2D8E179A501E006CFED6 /* FUIPopoverBackgroundView.m in Sources */,
				77FE2D8F179A501E006CFED6 /* FUISegmentedControl.m in Sources */,
				77FE2D90179A501E006CFED6 /* FUISwitch.m in Sources */,
				77FE2D91179A501E006CFED6 /* UIBarButtonItem+FlatUI.m in Sources */,
				77FE2D92179A501E006CFED6 /* UIColor+FlatUI.m in Sources */,
				77FE2D93179A501E006CFED6 /* UIFont+FlatUI.m in Sources */,
				77FE2D94179A501E006CFED6 /* UIImage+FlatUI.m in Sources */,
				77FE2D95179A501E006CFED6 /* UINavigationBar+FlatUI.m in Sources */,
				77FE2D96179A501E006CFED6 /* UIPopoverController+FlatUI.m in Sources */,
				77FE2D97179A501E006CFED6 /* UIProgressView+FlatUI.m in Sources */,
				77FE2D98179A501E006CFED6 /* UISlider+FlatUI.m in Sources */,
				77FE2D99179A501E006CFED6 /* UIStepper+FlatUI.m in Sources */,
				77FE2D9A179A501E006CFED6 /* UITabBar+FlatUI.m in Sources */,
				77FE2D9B179A501E006CFED6 /* UITableViewCell+FlatUI.m in Sources */,
				77FE2D9C179A501E006CFED6 /* UIToolbar+FlatUI.m in Sources */,
				7792DD73179A67E000FB5991 /* UIColor+Hex.m in Sources */,
				7792DD77179AA4B100FB5991 /* NotificationCell.m in Sources */,
				7792DD8B179BDC1900FB5991 /* NotificationManager.m in Sources */,
				7792DD8E179C2C5A00FB5991 /* NSString+Validation.m in Sources */,
				7792DD9C179D555600FB5991 /* InfoPlistProperty.m in Sources */,
				7792DDA2179D7A2400FB5991 /* FBEncryptorAES.m in Sources */,
				7792DDA3179D7A2400FB5991 /* NSData+Base64.m in Sources */,
			);
			runOnlyForDeploymentPostprocessing = 0;
		};
		779B83711787C933002DB143 /* Sources */ = {
			isa = PBXSourcesBuildPhase;
			buildActionMask = 2147483647;
			files = (
				779B83851787C934002DB143 /* imadocoTests.m in Sources */,
			);
			runOnlyForDeploymentPostprocessing = 0;
		};
/* End PBXSourcesBuildPhase section */

/* Begin PBXTargetDependency section */
		779B837C1787C934002DB143 /* PBXTargetDependency */ = {
			isa = PBXTargetDependency;
			target = 779B834F1787C933002DB143 /* imadoco */;
			targetProxy = 779B837B1787C934002DB143 /* PBXContainerItemProxy */;
		};
/* End PBXTargetDependency section */

/* Begin PBXVariantGroup section */
		779B835C1787C933002DB143 /* InfoPlist.strings */ = {
			isa = PBXVariantGroup;
			children = (
				779B835D1787C933002DB143 /* en */,
			);
			name = InfoPlist.strings;
			sourceTree = "<group>";
		};
		779B83801787C934002DB143 /* InfoPlist.strings */ = {
			isa = PBXVariantGroup;
			children = (
				779B83811787C934002DB143 /* en */,
			);
			name = InfoPlist.strings;
			sourceTree = "<group>";
		};
/* End PBXVariantGroup section */

/* Begin XCBuildConfiguration section */
		779B83861787C934002DB143 /* Debug */ = {
			isa = XCBuildConfiguration;
			buildSettings = {
				ALWAYS_SEARCH_USER_PATHS = NO;
				CLANG_CXX_LANGUAGE_STANDARD = "gnu++0x";
				CLANG_CXX_LIBRARY = "libc++";
				CLANG_ENABLE_OBJC_ARC = YES;
				CLANG_WARN_CONSTANT_CONVERSION = YES;
				CLANG_WARN_EMPTY_BODY = YES;
				CLANG_WARN_ENUM_CONVERSION = YES;
				CLANG_WARN_INT_CONVERSION = YES;
				CLANG_WARN__DUPLICATE_METHOD_MATCH = YES;
				CODE_SIGN_IDENTITY = "iPhone Distribution: YUICHI KOBAYASHI";
				"CODE_SIGN_IDENTITY[sdk=iphoneos*]" = "iPhone Distribution: YUICHI KOBAYASHI";
				COPY_PHASE_STRIP = NO;
				GCC_C_LANGUAGE_STANDARD = gnu99;
				GCC_DYNAMIC_NO_PIC = NO;
				GCC_OPTIMIZATION_LEVEL = 0;
				GCC_PREPROCESSOR_DEFINITIONS = (
					"DEBUG=1",
					"$(inherited)",
				);
				GCC_SYMBOLS_PRIVATE_EXTERN = NO;
				GCC_WARN_ABOUT_RETURN_TYPE = YES;
				GCC_WARN_UNINITIALIZED_AUTOS = YES;
				GCC_WARN_UNUSED_VARIABLE = YES;
				IPHONEOS_DEPLOYMENT_TARGET = 6.0;
				ONLY_ACTIVE_ARCH = YES;
				PROVISIONING_PROFILE = "88F19739-D289-424E-B236-7112159AE34C";
				"PROVISIONING_PROFILE[sdk=iphoneos*]" = "88F19739-D289-424E-B236-7112159AE34C";
				SDKROOT = iphoneos;
			};
			name = Debug;
		};
		779B83871787C934002DB143 /* Release */ = {
			isa = XCBuildConfiguration;
			buildSettings = {
				ALWAYS_SEARCH_USER_PATHS = NO;
				CLANG_CXX_LANGUAGE_STANDARD = "gnu++0x";
				CLANG_CXX_LIBRARY = "libc++";
				CLANG_ENABLE_OBJC_ARC = YES;
				CLANG_WARN_CONSTANT_CONVERSION = YES;
				CLANG_WARN_EMPTY_BODY = YES;
				CLANG_WARN_ENUM_CONVERSION = YES;
				CLANG_WARN_INT_CONVERSION = YES;
				CLANG_WARN__DUPLICATE_METHOD_MATCH = YES;
				CODE_SIGN_IDENTITY = "iPhone Distribution: YUICHI KOBAYASHI";
				"CODE_SIGN_IDENTITY[sdk=iphoneos*]" = "iPhone Developer";
				COPY_PHASE_STRIP = YES;
				GCC_C_LANGUAGE_STANDARD = gnu99;
				GCC_WARN_ABOUT_RETURN_TYPE = YES;
				GCC_WARN_UNINITIALIZED_AUTOS = YES;
				GCC_WARN_UNUSED_VARIABLE = YES;
				IPHONEOS_DEPLOYMENT_TARGET = 6.0;
				OTHER_CFLAGS = "-DNS_BLOCK_ASSERTIONS=1";
				PROVISIONING_PROFILE = "88F19739-D289-424E-B236-7112159AE34C";
				"PROVISIONING_PROFILE[sdk=iphoneos*]" = "";
				SDKROOT = iphoneos;
				VALIDATE_PRODUCT = YES;
			};
			name = Release;
		};
		779B83891787C934002DB143 /* Debug */ = {
			isa = XCBuildConfiguration;
			buildSettings = {
				CODE_SIGN_IDENTITY = "";
				"CODE_SIGN_IDENTITY[sdk=iphoneos*]" = "iPhone Distribution: YUICHI KOBAYASHI";
				GCC_PRECOMPILE_PREFIX_HEADER = YES;
				GCC_PREFIX_HEADER = "imadoco/imadoco-Prefix.pch";
				INFOPLIST_FILE = "imadoco/imadoco-Info.plist";
				IPHONEOS_DEPLOYMENT_TARGET = 6.0;
				LIBRARY_SEARCH_PATHS = (
					"$(inherited)",
					"\"$(SRCROOT)/imadoco/ad/NendAd\"",
				);
				PRODUCT_NAME = "$(TARGET_NAME)";
				"PROVISIONING_PROFILE[sdk=iphoneos*]" = "EABCC856-F0EC-4E77-97FC-5AE46DF5302E";
				WRAPPER_EXTENSION = app;
			};
			name = Debug;
		};
		779B838A1787C934002DB143 /* Release */ = {
			isa = XCBuildConfiguration;
			buildSettings = {
				CODE_SIGN_IDENTITY = "";
				"CODE_SIGN_IDENTITY[sdk=iphoneos*]" = "iPhone Distribution: YUICHI KOBAYASHI";
				GCC_PRECOMPILE_PREFIX_HEADER = YES;
				GCC_PREFIX_HEADER = "imadoco/imadoco-Prefix.pch";
				GCC_PREPROCESSOR_DEFINITIONS = "RELEASE=1";
				INFOPLIST_FILE = "imadoco/imadoco-Info.plist";
				IPHONEOS_DEPLOYMENT_TARGET = 6.0;
				LIBRARY_SEARCH_PATHS = (
					"$(inherited)",
					"\"$(SRCROOT)/imadoco/ad/NendAd\"",
				);
				PRODUCT_NAME = "$(TARGET_NAME)";
				"PROVISIONING_PROFILE[sdk=iphoneos*]" = "EABCC856-F0EC-4E77-97FC-5AE46DF5302E";
				WRAPPER_EXTENSION = app;
			};
			name = Release;
		};
		779B838C1787C934002DB143 /* Debug */ = {
			isa = XCBuildConfiguration;
			buildSettings = {
				BUNDLE_LOADER = "$(BUILT_PRODUCTS_DIR)/imadoco.app/imadoco";
				FRAMEWORK_SEARCH_PATHS = (
					"\"$(SDKROOT)/Developer/Library/Frameworks\"",
					"\"$(DEVELOPER_LIBRARY_DIR)/Frameworks\"",
				);
				GCC_PRECOMPILE_PREFIX_HEADER = YES;
				GCC_PREFIX_HEADER = "imadoco/imadoco-Prefix.pch";
				INFOPLIST_FILE = "imadocoTests/imadocoTests-Info.plist";
				PRODUCT_NAME = "$(TARGET_NAME)";
				TEST_HOST = "$(BUNDLE_LOADER)";
				WRAPPER_EXTENSION = octest;
			};
			name = Debug;
		};
		779B838D1787C934002DB143 /* Release */ = {
			isa = XCBuildConfiguration;
			buildSettings = {
				BUNDLE_LOADER = "$(BUILT_PRODUCTS_DIR)/imadoco.app/imadoco";
				FRAMEWORK_SEARCH_PATHS = (
					"\"$(SDKROOT)/Developer/Library/Frameworks\"",
					"\"$(DEVELOPER_LIBRARY_DIR)/Frameworks\"",
				);
				GCC_PRECOMPILE_PREFIX_HEADER = YES;
				GCC_PREFIX_HEADER = "imadoco/imadoco-Prefix.pch";
				INFOPLIST_FILE = "imadocoTests/imadocoTests-Info.plist";
				PRODUCT_NAME = "$(TARGET_NAME)";
				TEST_HOST = "$(BUNDLE_LOADER)";
				WRAPPER_EXTENSION = octest;
			};
			name = Release;
		};
/* End XCBuildConfiguration section */

/* Begin XCConfigurationList section */
		779B834B1787C933002DB143 /* Build configuration list for PBXProject "imadoco" */ = {
			isa = XCConfigurationList;
			buildConfigurations = (
				779B83861787C934002DB143 /* Debug */,
				779B83871787C934002DB143 /* Release */,
			);
			defaultConfigurationIsVisible = 0;
			defaultConfigurationName = Release;
		};
		779B83881787C934002DB143 /* Build configuration list for PBXNativeTarget "imadoco" */ = {
			isa = XCConfigurationList;
			buildConfigurations = (
				779B83891787C934002DB143 /* Debug */,
				779B838A1787C934002DB143 /* Release */,
			);
			defaultConfigurationIsVisible = 0;
			defaultConfigurationName = Release;
		};
		779B838B1787C934002DB143 /* Build configuration list for PBXNativeTarget "imadocoTests" */ = {
			isa = XCConfigurationList;
			buildConfigurations = (
				779B838C1787C934002DB143 /* Debug */,
				779B838D1787C934002DB143 /* Release */,
			);
			defaultConfigurationIsVisible = 0;
			defaultConfigurationName = Release;
		};
/* End XCConfigurationList section */
	};
	rootObject = 779B83481787C933002DB143 /* Project object */;
}
